// !$*UTF8*$!
{
	archiveVersion = 1;
	classes = {
	};
	objectVersion = 48;
	objects = {

/* Begin PBXBuildFile section */
		D0E751FC2164320B000B7771 /* AppDelegate.swift in Sources */ = {isa = PBXBuildFile; fileRef = D0E751FB2164320B000B7771 /* AppDelegate.swift */; };
		D0E751FE2164320B000B7771 /* ViewController.swift in Sources */ = {isa = PBXBuildFile; fileRef = D0E751FD2164320B000B7771 /* ViewController.swift */; };
		D0E752012164320B000B7771 /* Main.storyboard in Resources */ = {isa = PBXBuildFile; fileRef = D0E751FF2164320B000B7771 /* Main.storyboard */; };
		D0E752042164320B000B7771 /* TimeTracker.xcdatamodeld in Sources */ = {isa = PBXBuildFile; fileRef = D0E752022164320B000B7771 /* TimeTracker.xcdatamodeld */; };
		D0E752062164320B000B7771 /* Assets.xcassets in Resources */ = {isa = PBXBuildFile; fileRef = D0E752052164320B000B7771 /* Assets.xcassets */; };
		D0E752092164320B000B7771 /* LaunchScreen.storyboard in Resources */ = {isa = PBXBuildFile; fileRef = D0E752072164320B000B7771 /* LaunchScreen.storyboard */; };
		D0E752142164320B000B7771 /* TimeTrackerTests.swift in Sources */ = {isa = PBXBuildFile; fileRef = D0E752132164320B000B7771 /* TimeTrackerTests.swift */; };
		D0E7521F2164320B000B7771 /* TimeTrackerUITests.swift in Sources */ = {isa = PBXBuildFile; fileRef = D0E7521E2164320B000B7771 /* TimeTrackerUITests.swift */; };
/* End PBXBuildFile section */

/* Begin PBXContainerItemProxy section */
		D0E752102164320B000B7771 /* PBXContainerItemProxy */ = {
			isa = PBXContainerItemProxy;
			containerPortal = D0E751F02164320B000B7771 /* Project object */;
			proxyType = 1;
			remoteGlobalIDString = D0E751F72164320B000B7771;
			remoteInfo = TimeTracker;
		};
		D0E7521B2164320B000B7771 /* PBXContainerItemProxy */ = {
			isa = PBXContainerItemProxy;
			containerPortal = D0E751F02164320B000B7771 /* Project object */;
			proxyType = 1;
			remoteGlobalIDString = D0E751F72164320B000B7771;
			remoteInfo = TimeTracker;
		};
/* End PBXContainerItemProxy section */

/* Begin PBXFileReference section */
		D0E751F82164320B000B7771 /* TimeTracker.app */ = {isa = PBXFileReference; explicitFileType = wrapper.application; includeInIndex = 0; path = TimeTracker.app; sourceTree = BUILT_PRODUCTS_DIR; };
		D0E751FB2164320B000B7771 /* AppDelegate.swift */ = {isa = PBXFileReference; lastKnownFileType = sourcecode.swift; path = AppDelegate.swift; sourceTree = "<group>"; };
		D0E751FD2164320B000B7771 /* ViewController.swift */ = {isa = PBXFileReference; lastKnownFileType = sourcecode.swift; path = ViewController.swift; sourceTree = "<group>"; };
		D0E752002164320B000B7771 /* Base */ = {isa = PBXFileReference; lastKnownFileType = file.storyboard; name = Base; path = Base.lproj/Main.storyboard; sourceTree = "<group>"; };
		D0E752032164320B000B7771 /* TimeTracker.xcdatamodel */ = {isa = PBXFileReference; lastKnownFileType = wrapper.xcdatamodel; path = TimeTracker.xcdatamodel; sourceTree = "<group>"; };
		D0E752052164320B000B7771 /* Assets.xcassets */ = {isa = PBXFileReference; lastKnownFileType = folder.assetcatalog; path = Assets.xcassets; sourceTree = "<group>"; };
		D0E752082164320B000B7771 /* Base */ = {isa = PBXFileReference; lastKnownFileType = file.storyboard; name = Base; path = Base.lproj/LaunchScreen.storyboard; sourceTree = "<group>"; };
		D0E7520A2164320B000B7771 /* Info.plist */ = {isa = PBXFileReference; lastKnownFileType = text.plist.xml; path = Info.plist; sourceTree = "<group>"; };
		D0E7520F2164320B000B7771 /* TimeTrackerTests.xctest */ = {isa = PBXFileReference; explicitFileType = wrapper.cfbundle; includeInIndex = 0; path = TimeTrackerTests.xctest; sourceTree = BUILT_PRODUCTS_DIR; };
		D0E752132164320B000B7771 /* TimeTrackerTests.swift */ = {isa = PBXFileReference; lastKnownFileType = sourcecode.swift; path = TimeTrackerTests.swift; sourceTree = "<group>"; };
		D0E752152164320B000B7771 /* Info.plist */ = {isa = PBXFileReference; lastKnownFileType = text.plist.xml; path = Info.plist; sourceTree = "<group>"; };
		D0E7521A2164320B000B7771 /* TimeTrackerUITests.xctest */ = {isa = PBXFileReference; explicitFileType = wrapper.cfbundle; includeInIndex = 0; path = TimeTrackerUITests.xctest; sourceTree = BUILT_PRODUCTS_DIR; };
		D0E7521E2164320B000B7771 /* TimeTrackerUITests.swift */ = {isa = PBXFileReference; lastKnownFileType = sourcecode.swift; path = TimeTrackerUITests.swift; sourceTree = "<group>"; };
		D0E752202164320B000B7771 /* Info.plist */ = {isa = PBXFileReference; lastKnownFileType = text.plist.xml; path = Info.plist; sourceTree = "<group>"; };
/* End PBXFileReference section */

/* Begin PBXFrameworksBuildPhase section */
		D0E751F52164320B000B7771 /* Frameworks */ = {
			isa = PBXFrameworksBuildPhase;
			buildActionMask = 2147483647;
			files = (
			);
			runOnlyForDeploymentPostprocessing = 0;
		};
		D0E7520C2164320B000B7771 /* Frameworks */ = {
			isa = PBXFrameworksBuildPhase;
			buildActionMask = 2147483647;
			files = (
			);
			runOnlyForDeploymentPostprocessing = 0;
		};
		D0E752172164320B000B7771 /* Frameworks */ = {
			isa = PBXFrameworksBuildPhase;
			buildActionMask = 2147483647;
			files = (
			);
			runOnlyForDeploymentPostprocessing = 0;
		};
/* End PBXFrameworksBuildPhase section */

/* Begin PBXGroup section */
		D0E751EF2164320B000B7771 = {
			isa = PBXGroup;
			children = (
				D0E751FA2164320B000B7771 /* TimeTracker */,
				D0E752122164320B000B7771 /* TimeTrackerTests */,
				D0E7521D2164320B000B7771 /* TimeTrackerUITests */,
				D0E751F92164320B000B7771 /* Products */,
			);
			sourceTree = "<group>";
		};
		D0E751F92164320B000B7771 /* Products */ = {
			isa = PBXGroup;
			children = (
				D0E751F82164320B000B7771 /* TimeTracker.app */,
				D0E7520F2164320B000B7771 /* TimeTrackerTests.xctest */,
				D0E7521A2164320B000B7771 /* TimeTrackerUITests.xctest */,
			);
			name = Products;
			sourceTree = "<group>";
		};
		D0E751FA2164320B000B7771 /* TimeTracker */ = {
			isa = PBXGroup;
			children = (
				D0E751FB2164320B000B7771 /* AppDelegate.swift */,
				D0E751FD2164320B000B7771 /* ViewController.swift */,
				D0E751FF2164320B000B7771 /* Main.storyboard */,
				D0E752052164320B000B7771 /* Assets.xcassets */,
				D0E752072164320B000B7771 /* LaunchScreen.storyboard */,
				D0E7520A2164320B000B7771 /* Info.plist */,
				D0E752022164320B000B7771 /* TimeTracker.xcdatamodeld */,
			);
			path = TimeTracker;
			sourceTree = "<group>";
		};
		D0E752122164320B000B7771 /* TimeTrackerTests */ = {
			isa = PBXGroup;
			children = (
				D0E752132164320B000B7771 /* TimeTrackerTests.swift */,
				D0E752152164320B000B7771 /* Info.plist */,
			);
			path = TimeTrackerTests;
			sourceTree = "<group>";
		};
		D0E7521D2164320B000B7771 /* TimeTrackerUITests */ = {
			isa = PBXGroup;
			children = (
				D0E7521E2164320B000B7771 /* TimeTrackerUITests.swift */,
				D0E752202164320B000B7771 /* Info.plist */,
			);
			path = TimeTrackerUITests;
			sourceTree = "<group>";
		};
/* End PBXGroup section */

/* Begin PBXNativeTarget section */
		D0E751F72164320B000B7771 /* TimeTracker */ = {
			isa = PBXNativeTarget;
			buildConfigurationList = D0E752232164320B000B7771 /* Build configuration list for PBXNativeTarget "TimeTracker" */;
			buildPhases = (
				D0E751F42164320B000B7771 /* Sources */,
				D0E751F52164320B000B7771 /* Frameworks */,
				D0E751F62164320B000B7771 /* Resources */,
			);
			buildRules = (
			);
			dependencies = (
			);
			name = TimeTracker;
			productName = TimeTracker;
			productReference = D0E751F82164320B000B7771 /* TimeTracker.app */;
			productType = "com.apple.product-type.application";
		};
		D0E7520E2164320B000B7771 /* TimeTrackerTests */ = {
			isa = PBXNativeTarget;
			buildConfigurationList = D0E752262164320B000B7771 /* Build configuration list for PBXNativeTarget "TimeTrackerTests" */;
			buildPhases = (
				D0E7520B2164320B000B7771 /* Sources */,
				D0E7520C2164320B000B7771 /* Frameworks */,
				D0E7520D2164320B000B7771 /* Resources */,
			);
			buildRules = (
			);
			dependencies = (
				D0E752112164320B000B7771 /* PBXTargetDependency */,
			);
			name = TimeTrackerTests;
			productName = TimeTrackerTests;
			productReference = D0E7520F2164320B000B7771 /* TimeTrackerTests.xctest */;
			productType = "com.apple.product-type.bundle.unit-test";
		};
		D0E752192164320B000B7771 /* TimeTrackerUITests */ = {
			isa = PBXNativeTarget;
			buildConfigurationList = D0E752292164320B000B7771 /* Build configuration list for PBXNativeTarget "TimeTrackerUITests" */;
			buildPhases = (
				D0E752162164320B000B7771 /* Sources */,
				D0E752172164320B000B7771 /* Frameworks */,
				D0E752182164320B000B7771 /* Resources */,
			);
			buildRules = (
			);
			dependencies = (
				D0E7521C2164320B000B7771 /* PBXTargetDependency */,
			);
			name = TimeTrackerUITests;
			productName = TimeTrackerUITests;
			productReference = D0E7521A2164320B000B7771 /* TimeTrackerUITests.xctest */;
			productType = "com.apple.product-type.bundle.ui-testing";
		};
/* End PBXNativeTarget section */

/* Begin PBXProject section */
		D0E751F02164320B000B7771 /* Project object */ = {
			isa = PBXProject;
			attributes = {
				LastSwiftUpdateCheck = 0920;
				LastUpgradeCheck = 0920;
				ORGANIZATIONNAME = "James Fay";
				TargetAttributes = {
					D0E751F72164320B000B7771 = {
						CreatedOnToolsVersion = 9.2;
						ProvisioningStyle = Automatic;
					};
					D0E7520E2164320B000B7771 = {
						CreatedOnToolsVersion = 9.2;
						ProvisioningStyle = Automatic;
						TestTargetID = D0E751F72164320B000B7771;
					};
					D0E752192164320B000B7771 = {
						CreatedOnToolsVersion = 9.2;
						ProvisioningStyle = Automatic;
						TestTargetID = D0E751F72164320B000B7771;
					};
				};
			};
			buildConfigurationList = D0E751F32164320B000B7771 /* Build configuration list for PBXProject "TimeTracker" */;
			compatibilityVersion = "Xcode 8.0";
			developmentRegion = en;
			hasScannedForEncodings = 0;
			knownRegions = (
				en,
				Base,
			);
			mainGroup = D0E751EF2164320B000B7771;
			productRefGroup = D0E751F92164320B000B7771 /* Products */;
			projectDirPath = "";
			projectRoot = "";
			targets = (
				D0E751F72164320B000B7771 /* TimeTracker */,
				D0E7520E2164320B000B7771 /* TimeTrackerTests */,
				D0E752192164320B000B7771 /* TimeTrackerUITests */,
			);
		};
/* End PBXProject section */

/* Begin PBXResourcesBuildPhase section */
		D0E751F62164320B000B7771 /* Resources */ = {
			isa = PBXResourcesBuildPhase;
			buildActionMask = 2147483647;
			files = (
				D0E752092164320B000B7771 /* LaunchScreen.storyboard in Resources */,
				D0E752062164320B000B7771 /* Assets.xcassets in Resources */,
				D0E752012164320B000B7771 /* Main.storyboard in Resources */,
			);
			runOnlyForDeploymentPostprocessing = 0;
		};
		D0E7520D2164320B000B7771 /* Resources */ = {
			isa = PBXResourcesBuildPhase;
			buildActionMask = 2147483647;
			files = (
			);
			runOnlyForDeploymentPostprocessing = 0;
		};
		D0E752182164320B000B7771 /* Resources */ = {
			isa = PBXResourcesBuildPhase;
			buildActionMask = 2147483647;
			files = (
			);
			runOnlyForDeploymentPostprocessing = 0;
		};
/* End PBXResourcesBuildPhase section */

/* Begin PBXSourcesBuildPhase section */
		D0E751F42164320B000B7771 /* Sources */ = {
			isa = PBXSourcesBuildPhase;
			buildActionMask = 2147483647;
			files = (
				D0E751FE2164320B000B7771 /* ViewController.swift in Sources */,
				D0E751FC2164320B000B7771 /* AppDelegate.swift in Sources */,
				D0E752042164320B000B7771 /* TimeTracker.xcdatamodeld in Sources */,
			);
			runOnlyForDeploymentPostprocessing = 0;
		};
		D0E7520B2164320B000B7771 /* Sources */ = {
			isa = PBXSourcesBuildPhase;
			buildActionMask = 2147483647;
			files = (
				D0E752142164320B000B7771 /* TimeTrackerTests.swift in Sources */,
			);
			runOnlyForDeploymentPostprocessing = 0;
		};
		D0E752162164320B000B7771 /* Sources */ = {
			isa = PBXSourcesBuildPhase;
			buildActionMask = 2147483647;
			files = (
				D0E7521F2164320B000B7771 /* TimeTrackerUITests.swift in Sources */,
			);
			runOnlyForDeploymentPostprocessing = 0;
		};
/* End PBXSourcesBuildPhase section */

/* Begin PBXTargetDependency section */
		D0E752112164320B000B7771 /* PBXTargetDependency */ = {
			isa = PBXTargetDependency;
			target = D0E751F72164320B000B7771 /* TimeTracker */;
			targetProxy = D0E752102164320B000B7771 /* PBXContainerItemProxy */;
		};
		D0E7521C2164320B000B7771 /* PBXTargetDependency */ = {
			isa = PBXTargetDependency;
			target = D0E751F72164320B000B7771 /* TimeTracker */;
			targetProxy = D0E7521B2164320B000B7771 /* PBXContainerItemProxy */;
		};
/* End PBXTargetDependency section */

/* Begin PBXVariantGroup section */
		D0E751FF2164320B000B7771 /* Main.storyboard */ = {
			isa = PBXVariantGroup;
			children = (
				D0E752002164320B000B7771 /* Base */,
			);
			name = Main.storyboard;
			sourceTree = "<group>";
		};
		D0E752072164320B000B7771 /* LaunchScreen.storyboard */ = {
			isa = PBXVariantGroup;
			children = (
				D0E752082164320B000B7771 /* Base */,
			);
			name = LaunchScreen.storyboard;
			sourceTree = "<group>";
		};
/* End PBXVariantGroup section */

/* Begin XCBuildConfiguration section */
		D0E752212164320B000B7771 /* Debug */ = {
			isa = XCBuildConfiguration;
			buildSettings = {
				ALWAYS_SEARCH_USER_PATHS = NO;
				CLANG_ANALYZER_NONNULL = YES;
				CLANG_ANALYZER_NUMBER_OBJECT_CONVERSION = YES_AGGRESSIVE;
				CLANG_CXX_LANGUAGE_STANDARD = "gnu++14";
				CLANG_CXX_LIBRARY = "libc++";
				CLANG_ENABLE_MODULES = YES;
				CLANG_ENABLE_OBJC_ARC = YES;
				CLANG_WARN_BLOCK_CAPTURE_AUTORELEASING = YES;
				CLANG_WARN_BOOL_CONVERSION = YES;
				CLANG_WARN_COMMA = YES;
				CLANG_WARN_CONSTANT_CONVERSION = YES;
				CLANG_WARN_DIRECT_OBJC_ISA_USAGE = YES_ERROR;
				CLANG_WARN_DOCUMENTATION_COMMENTS = YES;
				CLANG_WARN_EMPTY_BODY = YES;
				CLANG_WARN_ENUM_CONVERSION = YES;
				CLANG_WARN_INFINITE_RECURSION = YES;
				CLANG_WARN_INT_CONVERSION = YES;
				CLANG_WARN_NON_LITERAL_NULL_CONVERSION = YES;
				CLANG_WARN_OBJC_LITERAL_CONVERSION = YES;
				CLANG_WARN_OBJC_ROOT_CLASS = YES_ERROR;
				CLANG_WARN_RANGE_LOOP_ANALYSIS = YES;
				CLANG_WARN_STRICT_PROTOTYPES = YES;
				CLANG_WARN_SUSPICIOUS_MOVE = YES;
				CLANG_WARN_UNGUARDED_AVAILABILITY = YES_AGGRESSIVE;
				CLANG_WARN_UNREACHABLE_CODE = YES;
				CLANG_WARN__DUPLICATE_METHOD_MATCH = YES;
				CODE_SIGN_IDENTITY = "iPhone Developer";
				COPY_PHASE_STRIP = NO;
				DEBUG_INFORMATION_FORMAT = dwarf;
				ENABLE_STRICT_OBJC_MSGSEND = YES;
				ENABLE_TESTABILITY = YES;
				GCC_C_LANGUAGE_STANDARD = gnu11;
				GCC_DYNAMIC_NO_PIC = NO;
				GCC_NO_COMMON_BLOCKS = YES;
				GCC_OPTIMIZATION_LEVEL = 0;
				GCC_PREPROCESSOR_DEFINITIONS = (
					"DEBUG=1",
					"$(inherited)",
				);
				GCC_WARN_64_TO_32_BIT_CONVERSION = YES;
				GCC_WARN_ABOUT_RETURN_TYPE = YES_ERROR;
				GCC_WARN_UNDECLARED_SELECTOR = YES;
				GCC_WARN_UNINITIALIZED_AUTOS = YES_AGGRESSIVE;
				GCC_WARN_UNUSED_FUNCTION = YES;
				GCC_WARN_UNUSED_VARIABLE = YES;
				IPHONEOS_DEPLOYMENT_TARGET = 11.2;
				MTL_ENABLE_DEBUG_INFO = YES;
				ONLY_ACTIVE_ARCH = YES;
				SDKROOT = iphoneos;
				SWIFT_ACTIVE_COMPILATION_CONDITIONS = DEBUG;
				SWIFT_OPTIMIZATION_LEVEL = "-Onone";
			};
			name = Debug;
		};
		D0E752222164320B000B7771 /* Release */ = {
			isa = XCBuildConfiguration;
			buildSettings = {
				ALWAYS_SEARCH_USER_PATHS = NO;
				CLANG_ANALYZER_NONNULL = YES;
				CLANG_ANALYZER_NUMBER_OBJECT_CONVERSION = YES_AGGRESSIVE;
				CLANG_CXX_LANGUAGE_STANDARD = "gnu++14";
				CLANG_CXX_LIBRARY = "libc++";
				CLANG_ENABLE_MODULES = YES;
				CLANG_ENABLE_OBJC_ARC = YES;
				CLANG_WARN_BLOCK_CAPTURE_AUTORELEASING = YES;
				CLANG_WARN_BOOL_CONVERSION = YES;
				CLANG_WARN_COMMA = YES;
				CLANG_WARN_CONSTANT_CONVERSION = YES;
				CLANG_WARN_DIRECT_OBJC_ISA_USAGE = YES_ERROR;
				CLANG_WARN_DOCUMENTATION_COMMENTS = YES;
				CLANG_WARN_EMPTY_BODY = YES;
				CLANG_WARN_ENUM_CONVERSION = YES;
				CLANG_WARN_INFINITE_RECURSION = YES;
				CLANG_WARN_INT_CONVERSION = YES;
				CLANG_WARN_NON_LITERAL_NULL_CONVERSION = YES;
				CLANG_WARN_OBJC_LITERAL_CONVERSION = YES;
				CLANG_WARN_OBJC_ROOT_CLASS = YES_ERROR;
				CLANG_WARN_RANGE_LOOP_ANALYSIS = YES;
				CLANG_WARN_STRICT_PROTOTYPES = YES;
				CLANG_WARN_SUSPICIOUS_MOVE = YES;
				CLANG_WARN_UNGUARDED_AVAILABILITY = YES_AGGRESSIVE;
				CLANG_WARN_UNREACHABLE_CODE = YES;
				CLANG_WARN__DUPLICATE_METHOD_MATCH = YES;
				CODE_SIGN_IDENTITY = "iPhone Developer";
				COPY_PHASE_STRIP = NO;
				DEBUG_INFORMATION_FORMAT = "dwarf-with-dsym";
				ENABLE_NS_ASSERTIONS = NO;
				ENABLE_STRICT_OBJC_MSGSEND = YES;
				GCC_C_LANGUAGE_STANDARD = gnu11;
				GCC_NO_COMMON_BLOCKS = YES;
				GCC_WARN_64_TO_32_BIT_CONVERSION = YES;
				GCC_WARN_ABOUT_RETURN_TYPE = YES_ERROR;
				GCC_WARN_UNDECLARED_SELECTOR = YES;
				GCC_WARN_UNINITIALIZED_AUTOS = YES_AGGRESSIVE;
				GCC_WARN_UNUSED_FUNCTION = YES;
				GCC_WARN_UNUSED_VARIABLE = YES;
				IPHONEOS_DEPLOYMENT_TARGET = 11.2;
				MTL_ENABLE_DEBUG_INFO = NO;
				SDKROOT = iphoneos;
				SWIFT_OPTIMIZATION_LEVEL = "-Owholemodule";
				VALIDATE_PRODUCT = YES;
			};
			name = Release;
		};
		D0E752242164320B000B7771 /* Debug */ = {
			isa = XCBuildConfiguration;
			buildSettings = {
				ASSETCATALOG_COMPILER_APPICON_NAME = AppIcon;
				CODE_SIGN_STYLE = Automatic;
				INFOPLIST_FILE = TimeTracker/Info.plist;
				LD_RUNPATH_SEARCH_PATHS = "$(inherited) @executable_path/Frameworks";
				PRODUCT_BUNDLE_IDENTIFIER = com.fayjamescompany.TimeTracker;
				PRODUCT_NAME = "$(TARGET_NAME)";
				SWIFT_VERSION = 4.0;
				TARGETED_DEVICE_FAMILY = "1,2";
			};
			name = Debug;
		};
		D0E752252164320B000B7771 /* Release */ = {
			isa = XCBuildConfiguration;
			buildSettings = {
				ASSETCATALOG_COMPILER_APPICON_NAME = AppIcon;
				CODE_SIGN_STYLE = Automatic;
				INFOPLIST_FILE = TimeTracker/Info.plist;
				LD_RUNPATH_SEARCH_PATHS = "$(inherited) @executable_path/Frameworks";
				PRODUCT_BUNDLE_IDENTIFIER = com.fayjamescompany.TimeTracker;
				PRODUCT_NAME = "$(TARGET_NAME)";
				SWIFT_VERSION = 4.0;
				TARGETED_DEVICE_FAMILY = "1,2";
			};
			name = Release;
		};
		D0E752272164320B000B7771 /* Debug */ = {
			isa = XCBuildConfiguration;
			buildSettings = {
				ALWAYS_EMBED_SWIFT_STANDARD_LIBRARIES = YES;
				BUNDLE_LOADER = "$(TEST_HOST)";
				CODE_SIGN_STYLE = Automatic;
				INFOPLIST_FILE = TimeTrackerTests/Info.plist;
				LD_RUNPATH_SEARCH_PATHS = "$(inherited) @executable_path/Frameworks @loader_path/Frameworks";
				PRODUCT_BUNDLE_IDENTIFIER = com.fayjamescompany.TimeTrackerTests;
				PRODUCT_NAME = "$(TARGET_NAME)";
				SWIFT_VERSION = 4.0;
				TARGETED_DEVICE_FAMILY = "1,2";
				TEST_HOST = "$(BUILT_PRODUCTS_DIR)/TimeTracker.app/TimeTracker";
			};
			name = Debug;
		};
		D0E752282164320B000B7771 /* Release */ = {
			isa = XCBuildConfiguration;
			buildSettings = {
				ALWAYS_EMBED_SWIFT_STANDARD_LIBRARIES = YES;
				BUNDLE_LOADER = "$(TEST_HOST)";
				CODE_SIGN_STYLE = Automatic;
				INFOPLIST_FILE = TimeTrackerTests/Info.plist;
				LD_RUNPATH_SEARCH_PATHS = "$(inherited) @executable_path/Frameworks @loader_path/Frameworks";
				PRODUCT_BUNDLE_IDENTIFIER = com.fayjamescompany.TimeTrackerTests;
				PRODUCT_NAME = "$(TARGET_NAME)";
				SWIFT_VERSION = 4.0;
				TARGETED_DEVICE_FAMILY = "1,2";
				TEST_HOST = "$(BUILT_PRODUCTS_DIR)/TimeTracker.app/TimeTracker";
			};
			name = Release;
		};
		D0E7522A2164320B000B7771 /* Debug */ = {
			isa = XCBuildConfiguration;
			buildSettings = {
				ALWAYS_EMBED_SWIFT_STANDARD_LIBRARIES = YES;
				CODE_SIGN_STYLE = Automatic;
				INFOPLIST_FILE = TimeTrackerUITests/Info.plist;
				LD_RUNPATH_SEARCH_PATHS = "$(inherited) @executable_path/Frameworks @loader_path/Frameworks";
				PRODUCT_BUNDLE_IDENTIFIER = com.fayjamescompany.TimeTrackerUITests;
				PRODUCT_NAME = "$(TARGET_NAME)";
				SWIFT_VERSION = 4.0;
				TARGETED_DEVICE_FAMILY = "1,2";
				TEST_TARGET_NAME = TimeTracker;
			};
			name = Debug;
		};
		D0E7522B2164320B000B7771 /* Release */ = {
			isa = XCBuildConfiguration;
			buildSettings = {
				ALWAYS_EMBED_SWIFT_STANDARD_LIBRARIES = YES;
				CODE_SIGN_STYLE = Automatic;
				INFOPLIST_FILE = TimeTrackerUITests/Info.plist;
				LD_RUNPATH_SEARCH_PATHS = "$(inherited) @executable_path/Frameworks @loader_path/Frameworks";
				PRODUCT_BUNDLE_IDENTIFIER = com.fayjamescompany.TimeTrackerUITests;
				PRODUCT_NAME = "$(TARGET_NAME)";
				SWIFT_VERSION = 4.0;
				TARGETED_DEVICE_FAMILY = "1,2";
				TEST_TARGET_NAME = TimeTracker;
			};
			name = Release;
		};
/* End XCBuildConfiguration section */

/* Begin XCConfigurationList section */
		D0E751F32164320B000B7771 /* Build configuration list for PBXProject "TimeTracker" */ = {
			isa = XCConfigurationList;
			buildConfigurations = (
				D0E752212164320B000B7771 /* Debug */,
				D0E752222164320B000B7771 /* Release */,
			);
			defaultConfigurationIsVisible = 0;
			defaultConfigurationName = Release;
		};
		D0E752232164320B000B7771 /* Build configuration list for PBXNativeTarget "TimeTracker" */ = {
			isa = XCConfigurationList;
			buildConfigurations = (
				D0E752242164320B000B7771 /* Debug */,
				D0E752252164320B000B7771 /* Release */,
			);
			defaultConfigurationIsVisible = 0;
			defaultConfigurationName = Release;
		};
		D0E752262164320B000B7771 /* Build configuration list for PBXNativeTarget "TimeTrackerTests" */ = {
			isa = XCConfigurationList;
			buildConfigurations = (
				D0E752272164320B000B7771 /* Debug */,
				D0E752282164320B000B7771 /* Release */,
			);
			defaultConfigurationIsVisible = 0;
			defaultConfigurationName = Release;
		};
		D0E752292164320B000B7771 /* Build configuration list for PBXNativeTarget "TimeTrackerUITests" */ = {
			isa = XCConfigurationList;
			buildConfigurations = (
				D0E7522A2164320B000B7771 /* Debug */,
				D0E7522B2164320B000B7771 /* Release */,
			);
			defaultConfigurationIsVisible = 0;
			defaultConfigurationName = Release;
		};
/* End XCConfigurationList section */

/* Begin XCVersionGroup section */
		D0E752022164320B000B7771 /* TimeTracker.xcdatamodeld */ = {
			isa = XCVersionGroup;
			children = (
				D0E752032164320B000B7771 /* TimeTracker.xcdatamodel */,
			);
			currentVersion = D0E752032164320B000B7771 /* TimeTracker.xcdatamodel */;
			path = TimeTracker.xcdatamodeld;
			sourceTree = "<group>";
			versionGroupType = wrapper.xcdatamodel;
		};
/* End XCVersionGroup section */
	};
	rootObject = D0E751F02164320B000B7771 /* Project object */;
}
